{
  "name": "botcareu",
  "version": "1.0.0-alpha",
  "lockfileVersion": 3,
  "requires": true,
  "packages": {
    "": {
      "name": "botcareu",
      "version": "1.0.0-alpha",
      "license": "MIT",
      "devDependencies": {
        "concurrently": "^8.2.2",
        "husky": "^8.0.3",
        "lint-staged": "^15.2.0"
      }
    },
    "node_modules/concurrently": {
      "version": "8.2.2",
      "resolved": "https://registry.npmjs.org/concurrently/-/concurrently-8.2.2.tgz",
      "integrity": "sha512-1dP4gpXFhei8IOtlXRE/T/4H88ElHgTiUzh71YUmtjTEHMSRS2Z/fgOxHSxxusGHogsRfxNq1vyAwxSC+EVyDg==",
      "dev": true,
      "dependencies": {
        "chalk": "^4.1.2",
        "date-fns": "^2.30.0",
        "lodash": "^4.17.21",
        "rxjs": "^7.8.1",
        "shell-quote": "^1.8.1",
        "spawn-command": "0.0.2",
        "supports-color": "^8.1.1",
        "tree-kill": "^1.2.2",
        "yargs": "^17.7.2"
      },
      "bin": {
        "concurrently": "dist/bin/concurrently.js",
        "conc": "dist/bin/concurrently.js"
      },
      "engines": {
        "node": "^14.13.0 || >=16.0.0"
      },
      "funding": {
        "url": "https://github.com/open-cli-tools/concurrently?sponsor=1"
      }
    },
    "node_modules/husky": {
      "version": "8.0.3",
      "resolved": "https://registry.npmjs.org/husky/-/husky-8.0.3.tgz",
      "integrity": "sha512-+dQSyqPh4x1hlO1swXBiNb2HzTDN1I2IGLQx1GrBuiqFJfoMrnZWwVmatvSiO+Iz8fBUnf+lekwNo4c2LlXItg==",
      "dev": true,
      "bin": {
        "husky": "lib/bin.js"
      },
      "engines": {
        "node": ">=14"
      },
      "funding": {
        "url": "https://github.com/sponsors/typicode"
      }
    },
    "node_modules/lint-staged": {
      "version": "15.2.0",
      "resolved": "https://registry.npmjs.org/lint-staged/-/lint-staged-15.2.0.tgz",
      "integrity": "sha512-TiTt93OPh1OZOsb5B7k96A/ATl2AjIZo+vnzFZ6oHK5FuTk63ByDtxGQpHm+kFETjEWqgkF95M8FRXKR/LEBcw==",
      "dev": true,
      "dependencies": {
        "chalk": "5.3.0",
        "commander": "11.1.0",
        "debug": "4.3.4",
        "execa": "8.0.1",
        "lilconfig": "2.1.0",
        "listr2": "8.0.0",
        "micromatch": "4.0.5",
        "pidtree": "0.6.0",
        "string-argv": "0.3.2",
        "yaml": "2.3.4"
      },
      "bin": {
        "lint-staged": "bin/lint-staged.js"
      },
      "engines": {
        "node": ">=18.12.0"
      },
      "funding": {
        "url": "https://github.com/okonet/lint-staged?sponsor=1"
      }
    }
  }
}
